
Microsoft Visual Studio Solution File, Format Version 12.00
# Visual Studio Version 16
VisualStudioVersion = 16.0.30413.136
MinimumVisualStudioVersion = 10.0.40219.1
Project("{8BC9CEB8-8B4A-11D0-8D11-00A0C91BC942}") = "FinalExam 20", "FinalExam 20.vcxproj", "{80A0F00A-3BA3-47C0-A07C-3457DF7EDADA}"
EndProject
Global
	GlobalSection(SolutionConfigurationPlatforms) = preSolution
		Debug|x64 = Debug|x64
		Debug|x86 = Debug|x86
		Release|x64 = Release|x64
		Release|x86 = Release|x86
	EndGlobalSection
	GlobalSection(ProjectConfigurationPlatforms) = postSolution
		{80A0F00A-3BA3-47C0-A07C-3457DF7EDADA}.Debug|x64.ActiveCfg = Debug|x64
		{80A0F00A-3BA3-47C0-A07C-3457DF7EDADA}.Debug|x64.Build.0 = Debug|x64
		{80A0F00A-3BA3-47C0-A07C-3457DF7EDADA}.Debug|x86.ActiveCfg = Debug|Win32
		{80A0F00A-3BA3-47C0-A07C-3457DF7EDADA}.Debug|x86.Build.0 = Debug|Win32
		{80A0F00A-3BA3-47C0-A07C-3457DF7EDADA}.Release|x64.ActiveCfg = Release|x64
		{80A0F00A-3BA3-47C0-A07C-3457DF7EDADA}.Release|x64.Build.0 = Release|x64
		{80A0F00A-3BA3-47C0-A07C-3457DF7EDADA}.Release|x86.ActiveCfg = Release|Win32
		{80A0F00A-3BA3-47C0-A07C-3457DF7EDADA}.Release|x86.Build.0 = Release|Win32
	EndGlobalSection
	GlobalSection(SolutionProperties) = preSolution
		HideSolutionNode = FALSE
	EndGlobalSection
	GlobalSection(ExtensibilityGlobals) = postSolution
		SolutionGuid = {66BF8C0F-50AA-463B-B267-099FDEBD7CCC}
	EndGlobalSection
EndGlobal
